// !$*UTF8*$!
{
	archiveVersion = 1;
	classes = {
	};
	objectVersion = 55;
	objects = {

/* Begin PBXBuildFile section */
		E2AE8EE827C36A850099532A /* MovieDetailsViewController.swift in Sources */ = {isa = PBXBuildFile; fileRef = E2AE8EE727C36A850099532A /* MovieDetailsViewController.swift */; };
		E2AE8EEE27C36F280099532A /* Coordinator.swift in Sources */ = {isa = PBXBuildFile; fileRef = E2AE8EED27C36F280099532A /* Coordinator.swift */; };
		E2AE8EF027C36F9A0099532A /* Storyboarded.swift in Sources */ = {isa = PBXBuildFile; fileRef = E2AE8EEF27C36F9A0099532A /* Storyboarded.swift */; };
		E2AE8EF227C372400099532A /* AppCoordinator.swift in Sources */ = {isa = PBXBuildFile; fileRef = E2AE8EF127C372400099532A /* AppCoordinator.swift */; };
		E2AE8EFE27C447610099532A /* APIError.swift in Sources */ = {isa = PBXBuildFile; fileRef = E2AE8EFD27C447600099532A /* APIError.swift */; };
		E2AE8F0127C4503C0099532A /* PopularMoviesAPIResponse.swift in Sources */ = {isa = PBXBuildFile; fileRef = E2AE8F0027C4503C0099532A /* PopularMoviesAPIResponse.swift */; };
		E2AE8F0427C453E50099532A /* TableSection.swift in Sources */ = {isa = PBXBuildFile; fileRef = E2AE8F0327C453E50099532A /* TableSection.swift */; };
		E2AE8F0627C45E530099532A /* UIKitExtensions.swift in Sources */ = {isa = PBXBuildFile; fileRef = E2AE8F0527C45E530099532A /* UIKitExtensions.swift */; };
		E2AE8F0E27C4744D0099532A /* APIService-Info-Sample.plist in Resources */ = {isa = PBXBuildFile; fileRef = E2AE8F0D27C4744D0099532A /* APIService-Info-Sample.plist */; };
		E2B556D727C2F2DE006E3F23 /* AppDelegate.swift in Sources */ = {isa = PBXBuildFile; fileRef = E2B556D627C2F2DE006E3F23 /* AppDelegate.swift */; };
		E2B556D927C2F2DE006E3F23 /* SceneDelegate.swift in Sources */ = {isa = PBXBuildFile; fileRef = E2B556D827C2F2DE006E3F23 /* SceneDelegate.swift */; };
		E2B556DB27C2F2DE006E3F23 /* PopularMoviesViewController.swift in Sources */ = {isa = PBXBuildFile; fileRef = E2B556DA27C2F2DE006E3F23 /* PopularMoviesViewController.swift */; };
		E2B556DE27C2F2DE006E3F23 /* Main.storyboard in Resources */ = {isa = PBXBuildFile; fileRef = E2B556DC27C2F2DE006E3F23 /* Main.storyboard */; };
		E2B556E027C2F2DF006E3F23 /* Assets.xcassets in Resources */ = {isa = PBXBuildFile; fileRef = E2B556DF27C2F2DF006E3F23 /* Assets.xcassets */; };
		E2B556E327C2F2DF006E3F23 /* LaunchScreen.storyboard in Resources */ = {isa = PBXBuildFile; fileRef = E2B556E127C2F2DF006E3F23 /* LaunchScreen.storyboard */; };
		E2B556EE27C2F2E0006E3F23 /* TheMovieTests.swift in Sources */ = {isa = PBXBuildFile; fileRef = E2B556ED27C2F2E0006E3F23 /* TheMovieTests.swift */; };
		E2B556F827C2F2E0006E3F23 /* TheMovieUITests.swift in Sources */ = {isa = PBXBuildFile; fileRef = E2B556F727C2F2E0006E3F23 /* TheMovieUITests.swift */; };
		E2B556FA27C2F2E0006E3F23 /* TheMovieUITestsLaunchTests.swift in Sources */ = {isa = PBXBuildFile; fileRef = E2B556F927C2F2E0006E3F23 /* TheMovieUITestsLaunchTests.swift */; };
		E2B5571827C2FB5F006E3F23 /* PopularMovie.swift in Sources */ = {isa = PBXBuildFile; fileRef = E2B5571727C2FB5F006E3F23 /* PopularMovie.swift */; };
		E2B5571A27C2FC11006E3F23 /* APIService.swift in Sources */ = {isa = PBXBuildFile; fileRef = E2B5571927C2FC11006E3F23 /* APIService.swift */; };
/* End PBXBuildFile section */

/* Begin PBXContainerItemProxy section */
		E2B556EA27C2F2E0006E3F23 /* PBXContainerItemProxy */ = {
			isa = PBXContainerItemProxy;
			containerPortal = E2B556CB27C2F2DD006E3F23 /* Project object */;
			proxyType = 1;
			remoteGlobalIDString = E2B556D227C2F2DE006E3F23;
			remoteInfo = TheMovie;
		};
		E2B556F427C2F2E0006E3F23 /* PBXContainerItemProxy */ = {
			isa = PBXContainerItemProxy;
			containerPortal = E2B556CB27C2F2DD006E3F23 /* Project object */;
			proxyType = 1;
			remoteGlobalIDString = E2B556D227C2F2DE006E3F23;
			remoteInfo = TheMovie;
		};
/* End PBXContainerItemProxy section */

/* Begin PBXFileReference section */
		E2AE8EE727C36A850099532A /* MovieDetailsViewController.swift */ = {isa = PBXFileReference; lastKnownFileType = sourcecode.swift; path = MovieDetailsViewController.swift; sourceTree = "<group>"; };
		E2AE8EED27C36F280099532A /* Coordinator.swift */ = {isa = PBXFileReference; lastKnownFileType = sourcecode.swift; path = Coordinator.swift; sourceTree = "<group>"; };
		E2AE8EEF27C36F9A0099532A /* Storyboarded.swift */ = {isa = PBXFileReference; lastKnownFileType = sourcecode.swift; path = Storyboarded.swift; sourceTree = "<group>"; };
		E2AE8EF127C372400099532A /* AppCoordinator.swift */ = {isa = PBXFileReference; lastKnownFileType = sourcecode.swift; path = AppCoordinator.swift; sourceTree = "<group>"; };
		E2AE8EFD27C447600099532A /* APIError.swift */ = {isa = PBXFileReference; lastKnownFileType = sourcecode.swift; path = APIError.swift; sourceTree = "<group>"; };
		E2AE8F0027C4503C0099532A /* PopularMoviesAPIResponse.swift */ = {isa = PBXFileReference; lastKnownFileType = sourcecode.swift; path = PopularMoviesAPIResponse.swift; sourceTree = "<group>"; };
		E2AE8F0327C453E50099532A /* TableSection.swift */ = {isa = PBXFileReference; lastKnownFileType = sourcecode.swift; path = TableSection.swift; sourceTree = "<group>"; };
		E2AE8F0527C45E530099532A /* UIKitExtensions.swift */ = {isa = PBXFileReference; lastKnownFileType = sourcecode.swift; path = UIKitExtensions.swift; sourceTree = "<group>"; };
		E2AE8F0D27C4744D0099532A /* APIService-Info-Sample.plist */ = {isa = PBXFileReference; lastKnownFileType = text.plist.xml; path = "APIService-Info-Sample.plist"; sourceTree = "<group>"; };
		E2B556D327C2F2DE006E3F23 /* TheMovie.app */ = {isa = PBXFileReference; explicitFileType = wrapper.application; includeInIndex = 0; path = TheMovie.app; sourceTree = BUILT_PRODUCTS_DIR; };
		E2B556D627C2F2DE006E3F23 /* AppDelegate.swift */ = {isa = PBXFileReference; lastKnownFileType = sourcecode.swift; path = AppDelegate.swift; sourceTree = "<group>"; };
		E2B556D827C2F2DE006E3F23 /* SceneDelegate.swift */ = {isa = PBXFileReference; lastKnownFileType = sourcecode.swift; path = SceneDelegate.swift; sourceTree = "<group>"; };
		E2B556DA27C2F2DE006E3F23 /* PopularMoviesViewController.swift */ = {isa = PBXFileReference; lastKnownFileType = sourcecode.swift; path = PopularMoviesViewController.swift; sourceTree = "<group>"; };
		E2B556DD27C2F2DE006E3F23 /* Base */ = {isa = PBXFileReference; lastKnownFileType = file.storyboard; name = Base; path = Base.lproj/Main.storyboard; sourceTree = "<group>"; };
		E2B556DF27C2F2DF006E3F23 /* Assets.xcassets */ = {isa = PBXFileReference; lastKnownFileType = folder.assetcatalog; path = Assets.xcassets; sourceTree = "<group>"; };
		E2B556E227C2F2DF006E3F23 /* Base */ = {isa = PBXFileReference; lastKnownFileType = file.storyboard; name = Base; path = Base.lproj/LaunchScreen.storyboard; sourceTree = "<group>"; };
		E2B556E427C2F2DF006E3F23 /* Info.plist */ = {isa = PBXFileReference; lastKnownFileType = text.plist.xml; path = Info.plist; sourceTree = "<group>"; };
		E2B556E927C2F2E0006E3F23 /* TheMovieTests.xctest */ = {isa = PBXFileReference; explicitFileType = wrapper.cfbundle; includeInIndex = 0; path = TheMovieTests.xctest; sourceTree = BUILT_PRODUCTS_DIR; };
		E2B556ED27C2F2E0006E3F23 /* TheMovieTests.swift */ = {isa = PBXFileReference; lastKnownFileType = sourcecode.swift; path = TheMovieTests.swift; sourceTree = "<group>"; };
		E2B556F327C2F2E0006E3F23 /* TheMovieUITests.xctest */ = {isa = PBXFileReference; explicitFileType = wrapper.cfbundle; includeInIndex = 0; path = TheMovieUITests.xctest; sourceTree = BUILT_PRODUCTS_DIR; };
		E2B556F727C2F2E0006E3F23 /* TheMovieUITests.swift */ = {isa = PBXFileReference; lastKnownFileType = sourcecode.swift; path = TheMovieUITests.swift; sourceTree = "<group>"; };
		E2B556F927C2F2E0006E3F23 /* TheMovieUITestsLaunchTests.swift */ = {isa = PBXFileReference; lastKnownFileType = sourcecode.swift; path = TheMovieUITestsLaunchTests.swift; sourceTree = "<group>"; };
		E2B5571727C2FB5F006E3F23 /* PopularMovie.swift */ = {isa = PBXFileReference; lastKnownFileType = sourcecode.swift; path = PopularMovie.swift; sourceTree = "<group>"; };
		E2B5571927C2FC11006E3F23 /* APIService.swift */ = {isa = PBXFileReference; lastKnownFileType = sourcecode.swift; path = APIService.swift; sourceTree = "<group>"; };
/* End PBXFileReference section */

/* Begin PBXFrameworksBuildPhase section */
		E2B556D027C2F2DE006E3F23 /* Frameworks */ = {
			isa = PBXFrameworksBuildPhase;
			buildActionMask = 2147483647;
			files = (
			);
			runOnlyForDeploymentPostprocessing = 0;
		};
		E2B556E627C2F2E0006E3F23 /* Frameworks */ = {
			isa = PBXFrameworksBuildPhase;
			buildActionMask = 2147483647;
			files = (
			);
			runOnlyForDeploymentPostprocessing = 0;
		};
		E2B556F027C2F2E0006E3F23 /* Frameworks */ = {
			isa = PBXFrameworksBuildPhase;
			buildActionMask = 2147483647;
			files = (
			);
			runOnlyForDeploymentPostprocessing = 0;
		};
/* End PBXFrameworksBuildPhase section */

/* Begin PBXGroup section */
		E2AE8EE627C369E10099532A /* coordinator */ = {
			isa = PBXGroup;
			children = (
				E2AE8EF127C372400099532A /* AppCoordinator.swift */,
				E2AE8EED27C36F280099532A /* Coordinator.swift */,
				E2AE8EEF27C36F9A0099532A /* Storyboarded.swift */,
			);
			path = coordinator;
			sourceTree = "<group>";
		};
		E2AE8EFF27C450260099532A /* responses */ = {
			isa = PBXGroup;
			children = (
				E2AE8F0027C4503C0099532A /* PopularMoviesAPIResponse.swift */,
			);
			path = responses;
			sourceTree = "<group>";
		};
		E2AE8F0227C453C40099532A /* util */ = {
			isa = PBXGroup;
			children = (
				E2AE8F0327C453E50099532A /* TableSection.swift */,
				E2AE8F0527C45E530099532A /* UIKitExtensions.swift */,
			);
			path = util;
			sourceTree = "<group>";
		};
		E2B556CA27C2F2DD006E3F23 = {
			isa = PBXGroup;
			children = (
				E2B556D527C2F2DE006E3F23 /* TheMovie */,
				E2B556EC27C2F2E0006E3F23 /* TheMovieTests */,
				E2B556F627C2F2E0006E3F23 /* TheMovieUITests */,
				E2B556D427C2F2DE006E3F23 /* Products */,
			);
			sourceTree = "<group>";
		};
		E2B556D427C2F2DE006E3F23 /* Products */ = {
			isa = PBXGroup;
			children = (
				E2B556D327C2F2DE006E3F23 /* TheMovie.app */,
				E2B556E927C2F2E0006E3F23 /* TheMovieTests.xctest */,
				E2B556F327C2F2E0006E3F23 /* TheMovieUITests.xctest */,
			);
			name = Products;
			sourceTree = "<group>";
		};
		E2B556D527C2F2DE006E3F23 /* TheMovie */ = {
			isa = PBXGroup;
			children = (
				E2B5571327C2F985006E3F23 /* shared */,
				E2B5570727C2F389006E3F23 /* core */,
				E2B5571227C2F97D006E3F23 /* app */,
				E2B556E127C2F2DF006E3F23 /* LaunchScreen.storyboard */,
				E2B556DF27C2F2DF006E3F23 /* Assets.xcassets */,
				E2B556E427C2F2DF006E3F23 /* Info.plist */,
				E2AE8F0D27C4744D0099532A /* APIService-Info-Sample.plist */,
			);
			path = TheMovie;
			sourceTree = "<group>";
		};
		E2B556EC27C2F2E0006E3F23 /* TheMovieTests */ = {
			isa = PBXGroup;
			children = (
				E2B556ED27C2F2E0006E3F23 /* TheMovieTests.swift */,
			);
			path = TheMovieTests;
			sourceTree = "<group>";
		};
		E2B556F627C2F2E0006E3F23 /* TheMovieUITests */ = {
			isa = PBXGroup;
			children = (
				E2B556F727C2F2E0006E3F23 /* TheMovieUITests.swift */,
				E2B556F927C2F2E0006E3F23 /* TheMovieUITestsLaunchTests.swift */,
			);
			path = TheMovieUITests;
			sourceTree = "<group>";
		};
		E2B5570627C2F36C006E3F23 /* api */ = {
			isa = PBXGroup;
			children = (
				E2AE8EFF27C450260099532A /* responses */,
				E2B5571927C2FC11006E3F23 /* APIService.swift */,
				E2AE8EFD27C447600099532A /* APIError.swift */,
			);
			path = api;
			sourceTree = "<group>";
		};
		E2B5570727C2F389006E3F23 /* core */ = {
			isa = PBXGroup;
			children = (
				E2B5570627C2F36C006E3F23 /* api */,
				E2B5570827C2F395006E3F23 /* storage */,
			);
			path = core;
			sourceTree = "<group>";
		};
		E2B5570827C2F395006E3F23 /* storage */ = {
			isa = PBXGroup;
			children = (
			);
			path = storage;
			sourceTree = "<group>";
		};
		E2B5571227C2F97D006E3F23 /* app */ = {
			isa = PBXGroup;
			children = (
				E2AE8F0227C453C40099532A /* util */,
				E2B5571427C2F99C006E3F23 /* models */,
				E2B5571527C2F9A3006E3F23 /* views */,
				E2B5571627C2F9AA006E3F23 /* controllers */,
			);
			path = app;
			sourceTree = "<group>";
		};
		E2B5571327C2F985006E3F23 /* shared */ = {
			isa = PBXGroup;
			children = (
				E2AE8EE627C369E10099532A /* coordinator */,
				E2B556D627C2F2DE006E3F23 /* AppDelegate.swift */,
				E2B556D827C2F2DE006E3F23 /* SceneDelegate.swift */,
			);
			path = shared;
			sourceTree = "<group>";
		};
		E2B5571427C2F99C006E3F23 /* models */ = {
			isa = PBXGroup;
			children = (
				E2B5571727C2FB5F006E3F23 /* PopularMovie.swift */,
			);
			path = models;
			sourceTree = "<group>";
		};
		E2B5571527C2F9A3006E3F23 /* views */ = {
			isa = PBXGroup;
			children = (
				E2B556DC27C2F2DE006E3F23 /* Main.storyboard */,
			);
			path = views;
			sourceTree = "<group>";
		};
		E2B5571627C2F9AA006E3F23 /* controllers */ = {
			isa = PBXGroup;
			children = (
				E2B556DA27C2F2DE006E3F23 /* PopularMoviesViewController.swift */,
				E2AE8EE727C36A850099532A /* MovieDetailsViewController.swift */,
			);
			path = controllers;
			sourceTree = "<group>";
		};
/* End PBXGroup section */

/* Begin PBXNativeTarget section */
		E2B556D227C2F2DE006E3F23 /* TheMovie */ = {
			isa = PBXNativeTarget;
			buildConfigurationList = E2B556FD27C2F2E0006E3F23 /* Build configuration list for PBXNativeTarget "TheMovie" */;
			buildPhases = (
				E2AE8F0C27C471730099532A /* ShellScript */,
				E2B556CF27C2F2DE006E3F23 /* Sources */,
				E2B556D027C2F2DE006E3F23 /* Frameworks */,
				E2B556D127C2F2DE006E3F23 /* Resources */,
			);
			buildRules = (
			);
			dependencies = (
			);
			name = TheMovie;
			productName = TheMovie;
			productReference = E2B556D327C2F2DE006E3F23 /* TheMovie.app */;
			productType = "com.apple.product-type.application";
		};
		E2B556E827C2F2E0006E3F23 /* TheMovieTests */ = {
			isa = PBXNativeTarget;
			buildConfigurationList = E2B5570027C2F2E0006E3F23 /* Build configuration list for PBXNativeTarget "TheMovieTests" */;
			buildPhases = (
				E2B556E527C2F2E0006E3F23 /* Sources */,
				E2B556E627C2F2E0006E3F23 /* Frameworks */,
				E2B556E727C2F2E0006E3F23 /* Resources */,
			);
			buildRules = (
			);
			dependencies = (
				E2B556EB27C2F2E0006E3F23 /* PBXTargetDependency */,
			);
			name = TheMovieTests;
			productName = TheMovieTests;
			productReference = E2B556E927C2F2E0006E3F23 /* TheMovieTests.xctest */;
			productType = "com.apple.product-type.bundle.unit-test";
		};
		E2B556F227C2F2E0006E3F23 /* TheMovieUITests */ = {
			isa = PBXNativeTarget;
			buildConfigurationList = E2B5570327C2F2E0006E3F23 /* Build configuration list for PBXNativeTarget "TheMovieUITests" */;
			buildPhases = (
				E2B556EF27C2F2E0006E3F23 /* Sources */,
				E2B556F027C2F2E0006E3F23 /* Frameworks */,
				E2B556F127C2F2E0006E3F23 /* Resources */,
			);
			buildRules = (
			);
			dependencies = (
				E2B556F527C2F2E0006E3F23 /* PBXTargetDependency */,
			);
			name = TheMovieUITests;
			productName = TheMovieUITests;
			productReference = E2B556F327C2F2E0006E3F23 /* TheMovieUITests.xctest */;
			productType = "com.apple.product-type.bundle.ui-testing";
		};
/* End PBXNativeTarget section */

/* Begin PBXProject section */
		E2B556CB27C2F2DD006E3F23 /* Project object */ = {
			isa = PBXProject;
			attributes = {
				BuildIndependentTargetsInParallel = 1;
				LastSwiftUpdateCheck = 1310;
				LastUpgradeCheck = 1310;
				TargetAttributes = {
					E2B556D227C2F2DE006E3F23 = {
						CreatedOnToolsVersion = 13.1;
					};
					E2B556E827C2F2E0006E3F23 = {
						CreatedOnToolsVersion = 13.1;
						TestTargetID = E2B556D227C2F2DE006E3F23;
					};
					E2B556F227C2F2E0006E3F23 = {
						CreatedOnToolsVersion = 13.1;
						TestTargetID = E2B556D227C2F2DE006E3F23;
					};
				};
			};
			buildConfigurationList = E2B556CE27C2F2DD006E3F23 /* Build configuration list for PBXProject "TheMovie" */;
			compatibilityVersion = "Xcode 13.0";
			developmentRegion = en;
			hasScannedForEncodings = 0;
			knownRegions = (
				en,
				Base,
			);
			mainGroup = E2B556CA27C2F2DD006E3F23;
			productRefGroup = E2B556D427C2F2DE006E3F23 /* Products */;
			projectDirPath = "";
			projectRoot = "";
			targets = (
				E2B556D227C2F2DE006E3F23 /* TheMovie */,
				E2B556E827C2F2E0006E3F23 /* TheMovieTests */,
				E2B556F227C2F2E0006E3F23 /* TheMovieUITests */,
			);
		};
/* End PBXProject section */

/* Begin PBXResourcesBuildPhase section */
		E2B556D127C2F2DE006E3F23 /* Resources */ = {
			isa = PBXResourcesBuildPhase;
			buildActionMask = 2147483647;
			files = (
				E2B556E327C2F2DF006E3F23 /* LaunchScreen.storyboard in Resources */,
				E2AE8F0E27C4744D0099532A /* APIService-Info-Sample.plist in Resources */,
				E2B556E027C2F2DF006E3F23 /* Assets.xcassets in Resources */,
				E2B556DE27C2F2DE006E3F23 /* Main.storyboard in Resources */,
			);
			runOnlyForDeploymentPostprocessing = 0;
		};
		E2B556E727C2F2E0006E3F23 /* Resources */ = {
			isa = PBXResourcesBuildPhase;
			buildActionMask = 2147483647;
			files = (
			);
			runOnlyForDeploymentPostprocessing = 0;
		};
		E2B556F127C2F2E0006E3F23 /* Resources */ = {
			isa = PBXResourcesBuildPhase;
			buildActionMask = 2147483647;
			files = (
			);
			runOnlyForDeploymentPostprocessing = 0;
		};
/* End PBXResourcesBuildPhase section */

/* Begin PBXShellScriptBuildPhase section */
		E2AE8F0C27C471730099532A /* ShellScript */ = {
			isa = PBXShellScriptBuildPhase;
			buildActionMask = 2147483647;
			files = (
			);
			inputFileListPaths = (
			);
			inputPaths = (
			);
			outputFileListPaths = (
			);
			outputPaths = (
			);
			runOnlyForDeploymentPostprocessing = 0;
			shellPath = /bin/sh;
			shellScript = "CONFIG_FILE_BASE_NAME=\"APIService-Info\"\n\nCONFIG_FILE_NAME=${CONFIG_FILE_BASE_NAME}.plist\nSAMPLE_CONFIG_FILE_NAME=${CONFIG_FILE_BASE_NAME}-Sample.plist\n\nCONFIG_FILE_PATH=$SRCROOT/$PRODUCT_NAME/$CONFIG_FILE_NAME\nSAMPLE_CONFIG_FILE_PATH=$SRCROOT/$PRODUCT_NAME/$SAMPLE_CONFIG_FILE_NAME\n\nif [ -f \"$CONFIG_FILE_PATH\" ]; then\n  echo \"$CONFIG_FILE_PATH exists.\"\nelse\n  echo \"$CONFIG_FILE_PATH does not exist, copying sample\"\n  cp -v \"${SAMPLE_CONFIG_FILE_PATH}\" \"${CONFIG_FILE_PATH}\"\nfi\n";
		};
/* End PBXShellScriptBuildPhase section */

/* Begin PBXSourcesBuildPhase section */
		E2B556CF27C2F2DE006E3F23 /* Sources */ = {
			isa = PBXSourcesBuildPhase;
			buildActionMask = 2147483647;
			files = (
				E2AE8EF227C372400099532A /* AppCoordinator.swift in Sources */,
				E2AE8EE827C36A850099532A /* MovieDetailsViewController.swift in Sources */,
				E2B5571827C2FB5F006E3F23 /* PopularMovie.swift in Sources */,
				E2B556DB27C2F2DE006E3F23 /* PopularMoviesViewController.swift in Sources */,
				E2B556D727C2F2DE006E3F23 /* AppDelegate.swift in Sources */,
				E2AE8EFE27C447610099532A /* APIError.swift in Sources */,
				E2AE8EEE27C36F280099532A /* Coordinator.swift in Sources */,
				E2AE8F0427C453E50099532A /* TableSection.swift in Sources */,
				E2AE8F0627C45E530099532A /* UIKitExtensions.swift in Sources */,
				E2B556D927C2F2DE006E3F23 /* SceneDelegate.swift in Sources */,
				E2AE8F0127C4503C0099532A /* PopularMoviesAPIResponse.swift in Sources */,
				E2AE8EF027C36F9A0099532A /* Storyboarded.swift in Sources */,
				E2B5571A27C2FC11006E3F23 /* APIService.swift in Sources */,
			);
			runOnlyForDeploymentPostprocessing = 0;
		};
		E2B556E527C2F2E0006E3F23 /* Sources */ = {
			isa = PBXSourcesBuildPhase;
			buildActionMask = 2147483647;
			files = (
				E2B556EE27C2F2E0006E3F23 /* TheMovieTests.swift in Sources */,
			);
			runOnlyForDeploymentPostprocessing = 0;
		};
		E2B556EF27C2F2E0006E3F23 /* Sources */ = {
			isa = PBXSourcesBuildPhase;
			buildActionMask = 2147483647;
			files = (
				E2B556FA27C2F2E0006E3F23 /* TheMovieUITestsLaunchTests.swift in Sources */,
				E2B556F827C2F2E0006E3F23 /* TheMovieUITests.swift in Sources */,
			);
			runOnlyForDeploymentPostprocessing = 0;
		};
/* End PBXSourcesBuildPhase section */

/* Begin PBXTargetDependency section */
		E2B556EB27C2F2E0006E3F23 /* PBXTargetDependency */ = {
			isa = PBXTargetDependency;
			target = E2B556D227C2F2DE006E3F23 /* TheMovie */;
			targetProxy = E2B556EA27C2F2E0006E3F23 /* PBXContainerItemProxy */;
		};
		E2B556F527C2F2E0006E3F23 /* PBXTargetDependency */ = {
			isa = PBXTargetDependency;
			target = E2B556D227C2F2DE006E3F23 /* TheMovie */;
			targetProxy = E2B556F427C2F2E0006E3F23 /* PBXContainerItemProxy */;
		};
/* End PBXTargetDependency section */

/* Begin PBXVariantGroup section */
		E2B556DC27C2F2DE006E3F23 /* Main.storyboard */ = {
			isa = PBXVariantGroup;
			children = (
				E2B556DD27C2F2DE006E3F23 /* Base */,
			);
			name = Main.storyboard;
			sourceTree = "<group>";
		};
		E2B556E127C2F2DF006E3F23 /* LaunchScreen.storyboard */ = {
			isa = PBXVariantGroup;
			children = (
				E2B556E227C2F2DF006E3F23 /* Base */,
			);
			name = LaunchScreen.storyboard;
			sourceTree = "<group>";
		};
/* End PBXVariantGroup section */

/* Begin XCBuildConfiguration section */
		E2B556FB27C2F2E0006E3F23 /* Debug */ = {
			isa = XCBuildConfiguration;
			buildSettings = {
				ALWAYS_SEARCH_USER_PATHS = NO;
				CLANG_ANALYZER_NONNULL = YES;
				CLANG_ANALYZER_NUMBER_OBJECT_CONVERSION = YES_AGGRESSIVE;
				CLANG_CXX_LANGUAGE_STANDARD = "gnu++17";
				CLANG_CXX_LIBRARY = "libc++";
				CLANG_ENABLE_MODULES = YES;
				CLANG_ENABLE_OBJC_ARC = YES;
				CLANG_ENABLE_OBJC_WEAK = YES;
				CLANG_WARN_BLOCK_CAPTURE_AUTORELEASING = YES;
				CLANG_WARN_BOOL_CONVERSION = YES;
				CLANG_WARN_COMMA = YES;
				CLANG_WARN_CONSTANT_CONVERSION = YES;
				CLANG_WARN_DEPRECATED_OBJC_IMPLEMENTATIONS = YES;
				CLANG_WARN_DIRECT_OBJC_ISA_USAGE = YES_ERROR;
				CLANG_WARN_DOCUMENTATION_COMMENTS = YES;
				CLANG_WARN_EMPTY_BODY = YES;
				CLANG_WARN_ENUM_CONVERSION = YES;
				CLANG_WARN_INFINITE_RECURSION = YES;
				CLANG_WARN_INT_CONVERSION = YES;
				CLANG_WARN_NON_LITERAL_NULL_CONVERSION = YES;
				CLANG_WARN_OBJC_IMPLICIT_RETAIN_SELF = YES;
				CLANG_WARN_OBJC_LITERAL_CONVERSION = YES;
				CLANG_WARN_OBJC_ROOT_CLASS = YES_ERROR;
				CLANG_WARN_QUOTED_INCLUDE_IN_FRAMEWORK_HEADER = YES;
				CLANG_WARN_RANGE_LOOP_ANALYSIS = YES;
				CLANG_WARN_STRICT_PROTOTYPES = YES;
				CLANG_WARN_SUSPICIOUS_MOVE = YES;
				CLANG_WARN_UNGUARDED_AVAILABILITY = YES_AGGRESSIVE;
				CLANG_WARN_UNREACHABLE_CODE = YES;
				CLANG_WARN__DUPLICATE_METHOD_MATCH = YES;
				COPY_PHASE_STRIP = NO;
				DEBUG_INFORMATION_FORMAT = dwarf;
				ENABLE_STRICT_OBJC_MSGSEND = YES;
				ENABLE_TESTABILITY = YES;
				GCC_C_LANGUAGE_STANDARD = gnu11;
				GCC_DYNAMIC_NO_PIC = NO;
				GCC_NO_COMMON_BLOCKS = YES;
				GCC_OPTIMIZATION_LEVEL = 0;
				GCC_PREPROCESSOR_DEFINITIONS = (
					"DEBUG=1",
					"$(inherited)",
				);
				GCC_WARN_64_TO_32_BIT_CONVERSION = YES;
				GCC_WARN_ABOUT_RETURN_TYPE = YES_ERROR;
				GCC_WARN_UNDECLARED_SELECTOR = YES;
				GCC_WARN_UNINITIALIZED_AUTOS = YES_AGGRESSIVE;
				GCC_WARN_UNUSED_FUNCTION = YES;
				GCC_WARN_UNUSED_VARIABLE = YES;
				IPHONEOS_DEPLOYMENT_TARGET = 15.0;
				MTL_ENABLE_DEBUG_INFO = INCLUDE_SOURCE;
				MTL_FAST_MATH = YES;
				ONLY_ACTIVE_ARCH = YES;
				SDKROOT = iphoneos;
				SWIFT_ACTIVE_COMPILATION_CONDITIONS = DEBUG;
				SWIFT_OPTIMIZATION_LEVEL = "-Onone";
			};
			name = Debug;
		};
		E2B556FC27C2F2E0006E3F23 /* Release */ = {
			isa = XCBuildConfiguration;
			buildSettings = {
				ALWAYS_SEARCH_USER_PATHS = NO;
				CLANG_ANALYZER_NONNULL = YES;
				CLANG_ANALYZER_NUMBER_OBJECT_CONVERSION = YES_AGGRESSIVE;
				CLANG_CXX_LANGUAGE_STANDARD = "gnu++17";
				CLANG_CXX_LIBRARY = "libc++";
				CLANG_ENABLE_MODULES = YES;
				CLANG_ENABLE_OBJC_ARC = YES;
				CLANG_ENABLE_OBJC_WEAK = YES;
				CLANG_WARN_BLOCK_CAPTURE_AUTORELEASING = YES;
				CLANG_WARN_BOOL_CONVERSION = YES;
				CLANG_WARN_COMMA = YES;
				CLANG_WARN_CONSTANT_CONVERSION = YES;
				CLANG_WARN_DEPRECATED_OBJC_IMPLEMENTATIONS = YES;
				CLANG_WARN_DIRECT_OBJC_ISA_USAGE = YES_ERROR;
				CLANG_WARN_DOCUMENTATION_COMMENTS = YES;
				CLANG_WARN_EMPTY_BODY = YES;
				CLANG_WARN_ENUM_CONVERSION = YES;
				CLANG_WARN_INFINITE_RECURSION = YES;
				CLANG_WARN_INT_CONVERSION = YES;
				CLANG_WARN_NON_LITERAL_NULL_CONVERSION = YES;
				CLANG_WARN_OBJC_IMPLICIT_RETAIN_SELF = YES;
				CLANG_WARN_OBJC_LITERAL_CONVERSION = YES;
				CLANG_WARN_OBJC_ROOT_CLASS = YES_ERROR;
				CLANG_WARN_QUOTED_INCLUDE_IN_FRAMEWORK_HEADER = YES;
				CLANG_WARN_RANGE_LOOP_ANALYSIS = YES;
				CLANG_WARN_STRICT_PROTOTYPES = YES;
				CLANG_WARN_SUSPICIOUS_MOVE = YES;
				CLANG_WARN_UNGUARDED_AVAILABILITY = YES_AGGRESSIVE;
				CLANG_WARN_UNREACHABLE_CODE = YES;
				CLANG_WARN__DUPLICATE_METHOD_MATCH = YES;
				COPY_PHASE_STRIP = NO;
				DEBUG_INFORMATION_FORMAT = "dwarf-with-dsym";
				ENABLE_NS_ASSERTIONS = NO;
				ENABLE_STRICT_OBJC_MSGSEND = YES;
				GCC_C_LANGUAGE_STANDARD = gnu11;
				GCC_NO_COMMON_BLOCKS = YES;
				GCC_WARN_64_TO_32_BIT_CONVERSION = YES;
				GCC_WARN_ABOUT_RETURN_TYPE = YES_ERROR;
				GCC_WARN_UNDECLARED_SELECTOR = YES;
				GCC_WARN_UNINITIALIZED_AUTOS = YES_AGGRESSIVE;
				GCC_WARN_UNUSED_FUNCTION = YES;
				GCC_WARN_UNUSED_VARIABLE = YES;
				IPHONEOS_DEPLOYMENT_TARGET = 15.0;
				MTL_ENABLE_DEBUG_INFO = NO;
				MTL_FAST_MATH = YES;
				SDKROOT = iphoneos;
				SWIFT_COMPILATION_MODE = wholemodule;
				SWIFT_OPTIMIZATION_LEVEL = "-O";
				VALIDATE_PRODUCT = YES;
			};
			name = Release;
		};
		E2B556FE27C2F2E0006E3F23 /* Debug */ = {
			isa = XCBuildConfiguration;
			buildSettings = {
				ASSETCATALOG_COMPILER_APPICON_NAME = AppIcon;
				ASSETCATALOG_COMPILER_GLOBAL_ACCENT_COLOR_NAME = AccentColor;
				CODE_SIGN_STYLE = Automatic;
				CURRENT_PROJECT_VERSION = 1;
				DEVELOPMENT_TEAM = T8587Z329R;
				GENERATE_INFOPLIST_FILE = YES;
				INFOPLIST_FILE = TheMovie/Info.plist;
				INFOPLIST_KEY_UIApplicationSupportsIndirectInputEvents = YES;
				INFOPLIST_KEY_UILaunchStoryboardName = LaunchScreen;
				INFOPLIST_KEY_UISupportedInterfaceOrientations_iPad = "UIInterfaceOrientationPortrait UIInterfaceOrientationPortraitUpsideDown UIInterfaceOrientationLandscapeLeft UIInterfaceOrientationLandscapeRight";
				INFOPLIST_KEY_UISupportedInterfaceOrientations_iPhone = "UIInterfaceOrientationPortrait UIInterfaceOrientationLandscapeLeft UIInterfaceOrientationLandscapeRight";
				LD_RUNPATH_SEARCH_PATHS = (
					"$(inherited)",
					"@executable_path/Frameworks",
				);
				MARKETING_VERSION = 1.0;
				PRODUCT_BUNDLE_IDENTIFIER = com.mateskaMonika.TheMovie;
				PRODUCT_NAME = "$(TARGET_NAME)";
				SWIFT_EMIT_LOC_STRINGS = YES;
				SWIFT_VERSION = 5.0;
				TARGETED_DEVICE_FAMILY = "1,2";
			};
			name = Debug;
		};
		E2B556FF27C2F2E0006E3F23 /* Release */ = {
			isa = XCBuildConfiguration;
			buildSettings = {
				ASSETCATALOG_COMPILER_APPICON_NAME = AppIcon;
				ASSETCATALOG_COMPILER_GLOBAL_ACCENT_COLOR_NAME = AccentColor;
				CODE_SIGN_STYLE = Automatic;
				CURRENT_PROJECT_VERSION = 1;
				DEVELOPMENT_TEAM = T8587Z329R;
				GENERATE_INFOPLIST_FILE = YES;
				INFOPLIST_FILE = TheMovie/Info.plist;
				INFOPLIST_KEY_UIApplicationSupportsIndirectInputEvents = YES;
				INFOPLIST_KEY_UILaunchStoryboardName = LaunchScreen;
				INFOPLIST_KEY_UISupportedInterfaceOrientations_iPad = "UIInterfaceOrientationPortrait UIInterfaceOrientationPortraitUpsideDown UIInterfaceOrientationLandscapeLeft UIInterfaceOrientationLandscapeRight";
				INFOPLIST_KEY_UISupportedInterfaceOrientations_iPhone = "UIInterfaceOrientationPortrait UIInterfaceOrientationLandscapeLeft UIInterfaceOrientationLandscapeRight";
				LD_RUNPATH_SEARCH_PATHS = (
					"$(inherited)",
					"@executable_path/Frameworks",
				);
				MARKETING_VERSION = 1.0;
				PRODUCT_BUNDLE_IDENTIFIER = com.mateskaMonika.TheMovie;
				PRODUCT_NAME = "$(TARGET_NAME)";
				SWIFT_EMIT_LOC_STRINGS = YES;
				SWIFT_VERSION = 5.0;
				TARGETED_DEVICE_FAMILY = "1,2";
			};
			name = Release;
		};
		E2B5570127C2F2E0006E3F23 /* Debug */ = {
			isa = XCBuildConfiguration;
			buildSettings = {
				ALWAYS_EMBED_SWIFT_STANDARD_LIBRARIES = YES;
				BUNDLE_LOADER = "$(TEST_HOST)";
				CODE_SIGN_STYLE = Automatic;
				CURRENT_PROJECT_VERSION = 1;
				DEVELOPMENT_TEAM = T8587Z329R;
				GENERATE_INFOPLIST_FILE = YES;
				IPHONEOS_DEPLOYMENT_TARGET = 15.0;
				LD_RUNPATH_SEARCH_PATHS = (
					"$(inherited)",
					"@executable_path/Frameworks",
					"@loader_path/Frameworks",
				);
				MARKETING_VERSION = 1.0;
				PRODUCT_BUNDLE_IDENTIFIER = com.mateskaMonika.TheMovieTests;
				PRODUCT_NAME = "$(TARGET_NAME)";
				SWIFT_EMIT_LOC_STRINGS = NO;
				SWIFT_VERSION = 5.0;
				TARGETED_DEVICE_FAMILY = "1,2";
				TEST_HOST = "$(BUILT_PRODUCTS_DIR)/TheMovie.app/TheMovie";
			};
			name = Debug;
		};
		E2B5570227C2F2E0006E3F23 /* Release */ = {
			isa = XCBuildConfiguration;
			buildSettings = {
				ALWAYS_EMBED_SWIFT_STANDARD_LIBRARIES = YES;
				BUNDLE_LOADER = "$(TEST_HOST)";
				CODE_SIGN_STYLE = Automatic;
				CURRENT_PROJECT_VERSION = 1;
				DEVELOPMENT_TEAM = T8587Z329R;
				GENERATE_INFOPLIST_FILE = YES;
				IPHONEOS_DEPLOYMENT_TARGET = 15.0;
				LD_RUNPATH_SEARCH_PATHS = (
					"$(inherited)",
					"@executable_path/Frameworks",
					"@loader_path/Frameworks",
				);
				MARKETING_VERSION = 1.0;
				PRODUCT_BUNDLE_IDENTIFIER = com.mateskaMonika.TheMovieTests;
				PRODUCT_NAME = "$(TARGET_NAME)";
				SWIFT_EMIT_LOC_STRINGS = NO;
				SWIFT_VERSION = 5.0;
				TARGETED_DEVICE_FAMILY = "1,2";
				TEST_HOST = "$(BUILT_PRODUCTS_DIR)/TheMovie.app/TheMovie";
			};
			name = Release;
		};
		E2B5570427C2F2E0006E3F23 /* Debug */ = {
			isa = XCBuildConfiguration;
			buildSettings = {
				ALWAYS_EMBED_SWIFT_STANDARD_LIBRARIES = YES;
				CODE_SIGN_STYLE = Automatic;
				CURRENT_PROJECT_VERSION = 1;
				DEVELOPMENT_TEAM = T8587Z329R;
				GENERATE_INFOPLIST_FILE = YES;
				LD_RUNPATH_SEARCH_PATHS = (
					"$(inherited)",
					"@executable_path/Frameworks",
					"@loader_path/Frameworks",
				);
				MARKETING_VERSION = 1.0;
				PRODUCT_BUNDLE_IDENTIFIER = com.mateskaMonika.TheMovieUITests;
				PRODUCT_NAME = "$(TARGET_NAME)";
				SWIFT_EMIT_LOC_STRINGS = NO;
				SWIFT_VERSION = 5.0;
				TARGETED_DEVICE_FAMILY = "1,2";
				TEST_TARGET_NAME = TheMovie;
			};
			name = Debug;
		};
		E2B5570527C2F2E0006E3F23 /* Release */ = {
			isa = XCBuildConfiguration;
			buildSettings = {
				ALWAYS_EMBED_SWIFT_STANDARD_LIBRARIES = YES;
				CODE_SIGN_STYLE = Automatic;
				CURRENT_PROJECT_VERSION = 1;
				DEVELOPMENT_TEAM = T8587Z329R;
				GENERATE_INFOPLIST_FILE = YES;
				LD_RUNPATH_SEARCH_PATHS = (
					"$(inherited)",
					"@executable_path/Frameworks",
					"@loader_path/Frameworks",
				);
				MARKETING_VERSION = 1.0;
				PRODUCT_BUNDLE_IDENTIFIER = com.mateskaMonika.TheMovieUITests;
				PRODUCT_NAME = "$(TARGET_NAME)";
				SWIFT_EMIT_LOC_STRINGS = NO;
				SWIFT_VERSION = 5.0;
				TARGETED_DEVICE_FAMILY = "1,2";
				TEST_TARGET_NAME = TheMovie;
			};
			name = Release;
		};
/* End XCBuildConfiguration section */

/* Begin XCConfigurationList section */
		E2B556CE27C2F2DD006E3F23 /* Build configuration list for PBXProject "TheMovie" */ = {
			isa = XCConfigurationList;
			buildConfigurations = (
				E2B556FB27C2F2E0006E3F23 /* Debug */,
				E2B556FC27C2F2E0006E3F23 /* Release */,
			);
			defaultConfigurationIsVisible = 0;
			defaultConfigurationName = Release;
		};
		E2B556FD27C2F2E0006E3F23 /* Build configuration list for PBXNativeTarget "TheMovie" */ = {
			isa = XCConfigurationList;
			buildConfigurations = (
				E2B556FE27C2F2E0006E3F23 /* Debug */,
				E2B556FF27C2F2E0006E3F23 /* Release */,
			);
			defaultConfigurationIsVisible = 0;
			defaultConfigurationName = Release;
		};
		E2B5570027C2F2E0006E3F23 /* Build configuration list for PBXNativeTarget "TheMovieTests" */ = {
			isa = XCConfigurationList;
			buildConfigurations = (
				E2B5570127C2F2E0006E3F23 /* Debug */,
				E2B5570227C2F2E0006E3F23 /* Release */,
			);
			defaultConfigurationIsVisible = 0;
			defaultConfigurationName = Release;
		};
		E2B5570327C2F2E0006E3F23 /* Build configuration list for PBXNativeTarget "TheMovieUITests" */ = {
			isa = XCConfigurationList;
			buildConfigurations = (
				E2B5570427C2F2E0006E3F23 /* Debug */,
				E2B5570527C2F2E0006E3F23 /* Release */,
			);
			defaultConfigurationIsVisible = 0;
			defaultConfigurationName = Release;
		};
/* End XCConfigurationList section */
	};
	rootObject = E2B556CB27C2F2DD006E3F23 /* Project object */;
}
